// !$*UTF8*$!
{
	archiveVersion = 1;
	classes = {
	};
	objectVersion = 56;
	objects = {

/* Begin PBXBuildFile section */
		97F76E9B2A352C3F005EF47D /* MyApplication2App.swift in Sources */ = {isa = PBXBuildFile; fileRef = 97F76E9A2A352C3F005EF47D /* MyApplication2App.swift */; };
		97F76E9D2A352C3F005EF47D /* ContentView.swift in Sources */ = {isa = PBXBuildFile; fileRef = 97F76E9C2A352C3F005EF47D /* ContentView.swift */; };
		97F76E9F2A352C40005EF47D /* Assets.xcassets in Resources */ = {isa = PBXBuildFile; fileRef = 97F76E9E2A352C40005EF47D /* Assets.xcassets */; };
		97F76EA22A352C40005EF47D /* Preview Assets.xcassets in Resources */ = {isa = PBXBuildFile; fileRef = 97F76EA12A352C40005EF47D /* Preview Assets.xcassets */; };
		97F76EAC2A352C40005EF47D /* MyApplication2Tests.swift in Sources */ = {isa = PBXBuildFile; fileRef = 97F76EAB2A352C40005EF47D /* MyApplication2Tests.swift */; };
		97F76EB62A352C40005EF47D /* MyApplication2UITests.swift in Sources */ = {isa = PBXBuildFile; fileRef = 97F76EB52A352C40005EF47D /* MyApplication2UITests.swift */; };
		97F76EB82A352C40005EF47D /* MyApplication2UITestsLaunchTests.swift in Sources */ = {isa = PBXBuildFile; fileRef = 97F76EB72A352C40005EF47D /* MyApplication2UITestsLaunchTests.swift */; };
/* End PBXBuildFile section */

/* Begin PBXContainerItemProxy section */
		97F76EA82A352C40005EF47D /* PBXContainerItemProxy */ = {
			isa = PBXContainerItemProxy;
			containerPortal = 97F76E8F2A352C3E005EF47D /* Project object */;
			proxyType = 1;
			remoteGlobalIDString = 97F76E962A352C3F005EF47D;
			remoteInfo = MyApplication2;
		};
		97F76EB22A352C40005EF47D /* PBXContainerItemProxy */ = {
			isa = PBXContainerItemProxy;
			containerPortal = 97F76E8F2A352C3E005EF47D /* Project object */;
			proxyType = 1;
			remoteGlobalIDString = 97F76E962A352C3F005EF47D;
			remoteInfo = MyApplication2;
		};
/* End PBXContainerItemProxy section */

/* Begin PBXFileReference section */
		97F76E972A352C3F005EF47D /* MyApplication2.app */ = {isa = PBXFileReference; explicitFileType = wrapper.application; includeInIndex = 0; path = MyApplication2.app; sourceTree = BUILT_PRODUCTS_DIR; };
		97F76E9A2A352C3F005EF47D /* MyApplication2App.swift */ = {isa = PBXFileReference; lastKnownFileType = sourcecode.swift; path = MyApplication2App.swift; sourceTree = "<group>"; };
		97F76E9C2A352C3F005EF47D /* ContentView.swift */ = {isa = PBXFileReference; lastKnownFileType = sourcecode.swift; path = ContentView.swift; sourceTree = "<group>"; };
		97F76E9E2A352C40005EF47D /* Assets.xcassets */ = {isa = PBXFileReference; lastKnownFileType = folder.assetcatalog; path = Assets.xcassets; sourceTree = "<group>"; };
		97F76EA12A352C40005EF47D /* Preview Assets.xcassets */ = {isa = PBXFileReference; lastKnownFileType = folder.assetcatalog; path = "Preview Assets.xcassets"; sourceTree = "<group>"; };
		97F76EA72A352C40005EF47D /* MyApplication2Tests.xctest */ = {isa = PBXFileReference; explicitFileType = wrapper.cfbundle; includeInIndex = 0; path = MyApplication2Tests.xctest; sourceTree = BUILT_PRODUCTS_DIR; };
		97F76EAB2A352C40005EF47D /* MyApplication2Tests.swift */ = {isa = PBXFileReference; lastKnownFileType = sourcecode.swift; path = MyApplication2Tests.swift; sourceTree = "<group>"; };
		97F76EB12A352C40005EF47D /* MyApplication2UITests.xctest */ = {isa = PBXFileReference; explicitFileType = wrapper.cfbundle; includeInIndex = 0; path = MyApplication2UITests.xctest; sourceTree = BUILT_PRODUCTS_DIR; };
		97F76EB52A352C40005EF47D /* MyApplication2UITests.swift */ = {isa = PBXFileReference; lastKnownFileType = sourcecode.swift; path = MyApplication2UITests.swift; sourceTree = "<group>"; };
		97F76EB72A352C40005EF47D /* MyApplication2UITestsLaunchTests.swift */ = {isa = PBXFileReference; lastKnownFileType = sourcecode.swift; path = MyApplication2UITestsLaunchTests.swift; sourceTree = "<group>"; };
/* End PBXFileReference section */

/* Begin PBXFrameworksBuildPhase section */
		97F76E942A352C3F005EF47D /* Frameworks */ = {
			isa = PBXFrameworksBuildPhase;
			buildActionMask = 2147483647;
			files = (
			);
			runOnlyForDeploymentPostprocessing = 0;
		};
		97F76EA42A352C40005EF47D /* Frameworks */ = {
			isa = PBXFrameworksBuildPhase;
			buildActionMask = 2147483647;
			files = (
			);
			runOnlyForDeploymentPostprocessing = 0;
		};
		97F76EAE2A352C40005EF47D /* Frameworks */ = {
			isa = PBXFrameworksBuildPhase;
			buildActionMask = 2147483647;
			files = (
			);
			runOnlyForDeploymentPostprocessing = 0;
		};
/* End PBXFrameworksBuildPhase section */

/* Begin PBXGroup section */
		97F76E8E2A352C3E005EF47D = {
			isa = PBXGroup;
			children = (
				97F76E992A352C3F005EF47D /* MyApplication2 */,
				97F76EAA2A352C40005EF47D /* MyApplication2Tests */,
				97F76EB42A352C40005EF47D /* MyApplication2UITests */,
				97F76E982A352C3F005EF47D /* Products */,
			);
			sourceTree = "<group>";
		};
		97F76E982A352C3F005EF47D /* Products */ = {
			isa = PBXGroup;
			children = (
				97F76E972A352C3F005EF47D /* MyApplication2.app */,
				97F76EA72A352C40005EF47D /* MyApplication2Tests.xctest */,
				97F76EB12A352C40005EF47D /* MyApplication2UITests.xctest */,
			);
			name = Products;
			sourceTree = "<group>";
		};
		97F76E992A352C3F005EF47D /* MyApplication2 */ = {
			isa = PBXGroup;
			children = (
				97F76E9A2A352C3F005EF47D /* MyApplication2App.swift */,
				97F76E9C2A352C3F005EF47D /* ContentView.swift */,
				97F76E9E2A352C40005EF47D /* Assets.xcassets */,
				97F76EA02A352C40005EF47D /* Preview Content */,
			);
			path = MyApplication2;
			sourceTree = "<group>";
		};
		97F76EA02A352C40005EF47D /* Preview Content */ = {
			isa = PBXGroup;
			children = (
				97F76EA12A352C40005EF47D /* Preview Assets.xcassets */,
			);
			path = "Preview Content";
			sourceTree = "<group>";
		};
		97F76EAA2A352C40005EF47D /* MyApplication2Tests */ = {
			isa = PBXGroup;
			children = (
				97F76EAB2A352C40005EF47D /* MyApplication2Tests.swift */,
			);
			path = MyApplication2Tests;
			sourceTree = "<group>";
		};
		97F76EB42A352C40005EF47D /* MyApplication2UITests */ = {
			isa = PBXGroup;
			children = (
				97F76EB52A352C40005EF47D /* MyApplication2UITests.swift */,
				97F76EB72A352C40005EF47D /* MyApplication2UITestsLaunchTests.swift */,
			);
			path = MyApplication2UITests;
			sourceTree = "<group>";
		};
/* End PBXGroup section */

/* Begin PBXNativeTarget section */
		97F76E962A352C3F005EF47D /* MyApplication2 */ = {
			isa = PBXNativeTarget;
			buildConfigurationList = 97F76EBB2A352C40005EF47D /* Build configuration list for PBXNativeTarget "MyApplication2" */;
			buildPhases = (
				97F76E932A352C3F005EF47D /* Sources */,
				97F76E942A352C3F005EF47D /* Frameworks */,
				97F76E952A352C3F005EF47D /* Resources */,
			);
			buildRules = (
			);
			dependencies = (
			);
			name = MyApplication2;
			productName = MyApplication2;
			productReference = 97F76E972A352C3F005EF47D /* MyApplication2.app */;
			productType = "com.apple.product-type.application";
		};
		97F76EA62A352C40005EF47D /* MyApplication2Tests */ = {
			isa = PBXNativeTarget;
			buildConfigurationList = 97F76EBE2A352C40005EF47D /* Build configuration list for PBXNativeTarget "MyApplication2Tests" */;
			buildPhases = (
				97F76EA32A352C40005EF47D /* Sources */,
				97F76EA42A352C40005EF47D /* Frameworks */,
				97F76EA52A352C40005EF47D /* Resources */,
			);
			buildRules = (
			);
			dependencies = (
				97F76EA92A352C40005EF47D /* PBXTargetDependency */,
			);
			name = MyApplication2Tests;
			productName = MyApplication2Tests;
			productReference = 97F76EA72A352C40005EF47D /* MyApplication2Tests.xctest */;
			productType = "com.apple.product-type.bundle.unit-test";
		};
		97F76EB02A352C40005EF47D /* MyApplication2UITests */ = {
			isa = PBXNativeTarget;
			buildConfigurationList = 97F76EC12A352C40005EF47D /* Build configuration list for PBXNativeTarget "MyApplication2UITests" */;
			buildPhases = (
				97F76EAD2A352C40005EF47D /* Sources */,
				97F76EAE2A352C40005EF47D /* Frameworks */,
				97F76EAF2A352C40005EF47D /* Resources */,
			);
			buildRules = (
			);
			dependencies = (
				97F76EB32A352C40005EF47D /* PBXTargetDependency */,
			);
			name = MyApplication2UITests;
			productName = MyApplication2UITests;
			productReference = 97F76EB12A352C40005EF47D /* MyApplication2UITests.xctest */;
			productType = "com.apple.product-type.bundle.ui-testing";
		};
/* End PBXNativeTarget section */

/* Begin PBXProject section */
		97F76E8F2A352C3E005EF47D /* Project object */ = {
			isa = PBXProject;
			attributes = {
				BuildIndependentTargetsInParallel = 1;
				LastSwiftUpdateCheck = 1430;
				LastUpgradeCheck = 1430;
				TargetAttributes = {
					97F76E962A352C3F005EF47D = {
						CreatedOnToolsVersion = 14.3.1;
					};
					97F76EA62A352C40005EF47D = {
						CreatedOnToolsVersion = 14.3.1;
						TestTargetID = 97F76E962A352C3F005EF47D;
					};
					97F76EB02A352C40005EF47D = {
						CreatedOnToolsVersion = 14.3.1;
						TestTargetID = 97F76E962A352C3F005EF47D;
					};
				};
			};
			buildConfigurationList = 97F76E922A352C3E005EF47D /* Build configuration list for PBXProject "MyApplication2" */;
			compatibilityVersion = "Xcode 14.0";
			developmentRegion = en;
			hasScannedForEncodings = 0;
			knownRegions = (
				en,
				Base,
			);
			mainGroup = 97F76E8E2A352C3E005EF47D;
			productRefGroup = 97F76E982A352C3F005EF47D /* Products */;
			projectDirPath = "";
			projectRoot = "";
			targets = (
				97F76E962A352C3F005EF47D /* MyApplication2 */,
				97F76EA62A352C40005EF47D /* MyApplication2Tests */,
				97F76EB02A352C40005EF47D /* MyApplication2UITests */,
			);
		};
/* End PBXProject section */

/* Begin PBXResourcesBuildPhase section */
		97F76E952A352C3F005EF47D /* Resources */ = {
			isa = PBXResourcesBuildPhase;
			buildActionMask = 2147483647;
			files = (
				97F76EA22A352C40005EF47D /* Preview Assets.xcassets in Resources */,
				97F76E9F2A352C40005EF47D /* Assets.xcassets in Resources */,
			);
			runOnlyForDeploymentPostprocessing = 0;
		};
		97F76EA52A352C40005EF47D /* Resources */ = {
			isa = PBXResourcesBuildPhase;
			buildActionMask = 2147483647;
			files = (
			);
			runOnlyForDeploymentPostprocessing = 0;
		};
		97F76EAF2A352C40005EF47D /* Resources */ = {
			isa = PBXResourcesBuildPhase;
			buildActionMask = 2147483647;
			files = (
			);
			runOnlyForDeploymentPostprocessing = 0;
		};
/* End PBXResourcesBuildPhase section */

/* Begin PBXSourcesBuildPhase section */
		97F76E932A352C3F005EF47D /* Sources */ = {
			isa = PBXSourcesBuildPhase;
			buildActionMask = 2147483647;
			files = (
				97F76E9D2A352C3F005EF47D /* ContentView.swift in Sources */,
				97F76E9B2A352C3F005EF47D /* MyApplication2App.swift in Sources */,
			);
			runOnlyForDeploymentPostprocessing = 0;
		};
		97F76EA32A352C40005EF47D /* Sources */ = {
			isa = PBXSourcesBuildPhase;
			buildActionMask = 2147483647;
			files = (
				97F76EAC2A352C40005EF47D /* MyApplication2Tests.swift in Sources */,
			);
			runOnlyForDeploymentPostprocessing = 0;
		};
		97F76EAD2A352C40005EF47D /* Sources */ = {
			isa = PBXSourcesBuildPhase;
			buildActionMask = 2147483647;
			files = (
				97F76EB82A352C40005EF47D /* MyApplication2UITestsLaunchTests.swift in Sources */,
				97F76EB62A352C40005EF47D /* MyApplication2UITests.swift in Sources */,
			);
			runOnlyForDeploymentPostprocessing = 0;
		};
/* End PBXSourcesBuildPhase section */

/* Begin PBXTargetDependency section */
		97F76EA92A352C40005EF47D /* PBXTargetDependency */ = {
			isa = PBXTargetDependency;
			target = 97F76E962A352C3F005EF47D /* MyApplication2 */;
			targetProxy = 97F76EA82A352C40005EF47D /* PBXContainerItemProxy */;
		};
		97F76EB32A352C40005EF47D /* PBXTargetDependency */ = {
			isa = PBXTargetDependency;
			target = 97F76E962A352C3F005EF47D /* MyApplication2 */;
			targetProxy = 97F76EB22A352C40005EF47D /* PBXContainerItemProxy */;
		};
/* End PBXTargetDependency section */

/* Begin XCBuildConfiguration section */
		97F76EB92A352C40005EF47D /* Debug */ = {
			isa = XCBuildConfiguration;
			buildSettings = {
				ALWAYS_SEARCH_USER_PATHS = NO;
				CLANG_ANALYZER_NONNULL = YES;
				CLANG_ANALYZER_NUMBER_OBJECT_CONVERSION = YES_AGGRESSIVE;
				CLANG_CXX_LANGUAGE_STANDARD = "gnu++20";
				CLANG_ENABLE_MODULES = YES;
				CLANG_ENABLE_OBJC_ARC = YES;
				CLANG_ENABLE_OBJC_WEAK = YES;
				CLANG_WARN_BLOCK_CAPTURE_AUTORELEASING = YES;
				CLANG_WARN_BOOL_CONVERSION = YES;
				CLANG_WARN_COMMA = YES;
				CLANG_WARN_CONSTANT_CONVERSION = YES;
				CLANG_WARN_DEPRECATED_OBJC_IMPLEMENTATIONS = YES;
				CLANG_WARN_DIRECT_OBJC_ISA_USAGE = YES_ERROR;
				CLANG_WARN_DOCUMENTATION_COMMENTS = YES;
				CLANG_WARN_EMPTY_BODY = YES;
				CLANG_WARN_ENUM_CONVERSION = YES;
				CLANG_WARN_INFINITE_RECURSION = YES;
				CLANG_WARN_INT_CONVERSION = YES;
				CLANG_WARN_NON_LITERAL_NULL_CONVERSION = YES;
				CLANG_WARN_OBJC_IMPLICIT_RETAIN_SELF = YES;
				CLANG_WARN_OBJC_LITERAL_CONVERSION = YES;
				CLANG_WARN_OBJC_ROOT_CLASS = YES_ERROR;
				CLANG_WARN_QUOTED_INCLUDE_IN_FRAMEWORK_HEADER = YES;
				CLANG_WARN_RANGE_LOOP_ANALYSIS = YES;
				CLANG_WARN_STRICT_PROTOTYPES = YES;
				CLANG_WARN_SUSPICIOUS_MOVE = YES;
				CLANG_WARN_UNGUARDED_AVAILABILITY = YES_AGGRESSIVE;
				CLANG_WARN_UNREACHABLE_CODE = YES;
				CLANG_WARN__DUPLICATE_METHOD_MATCH = YES;
				COPY_PHASE_STRIP = NO;
				DEBUG_INFORMATION_FORMAT = dwarf;
				ENABLE_STRICT_OBJC_MSGSEND = YES;
				ENABLE_TESTABILITY = YES;
				GCC_C_LANGUAGE_STANDARD = gnu11;
				GCC_DYNAMIC_NO_PIC = NO;
				GCC_NO_COMMON_BLOCKS = YES;
				GCC_OPTIMIZATION_LEVEL = 0;
				GCC_PREPROCESSOR_DEFINITIONS = (
					"DEBUG=1",
					"$(inherited)",
				);
				GCC_WARN_64_TO_32_BIT_CONVERSION = YES;
				GCC_WARN_ABOUT_RETURN_TYPE = YES_ERROR;
				GCC_WARN_UNDECLARED_SELECTOR = YES;
				GCC_WARN_UNINITIALIZED_AUTOS = YES_AGGRESSIVE;
				GCC_WARN_UNUSED_FUNCTION = YES;
				GCC_WARN_UNUSED_VARIABLE = YES;
				IPHONEOS_DEPLOYMENT_TARGET = 16.4;
				MTL_ENABLE_DEBUG_INFO = INCLUDE_SOURCE;
				MTL_FAST_MATH = YES;
				ONLY_ACTIVE_ARCH = YES;
				SDKROOT = iphoneos;
				SWIFT_ACTIVE_COMPILATION_CONDITIONS = DEBUG;
				SWIFT_OPTIMIZATION_LEVEL = "-Onone";
			};
			name = Debug;
		};
		97F76EBA2A352C40005EF47D /* Release */ = {
			isa = XCBuildConfiguration;
			buildSettings = {
				ALWAYS_SEARCH_USER_PATHS = NO;
				CLANG_ANALYZER_NONNULL = YES;
				CLANG_ANALYZER_NUMBER_OBJECT_CONVERSION = YES_AGGRESSIVE;
				CLANG_CXX_LANGUAGE_STANDARD = "gnu++20";
				CLANG_ENABLE_MODULES = YES;
				CLANG_ENABLE_OBJC_ARC = YES;
				CLANG_ENABLE_OBJC_WEAK = YES;
				CLANG_WARN_BLOCK_CAPTURE_AUTORELEASING = YES;
				CLANG_WARN_BOOL_CONVERSION = YES;
				CLANG_WARN_COMMA = YES;
				CLANG_WARN_CONSTANT_CONVERSION = YES;
				CLANG_WARN_DEPRECATED_OBJC_IMPLEMENTATIONS = YES;
				CLANG_WARN_DIRECT_OBJC_ISA_USAGE = YES_ERROR;
				CLANG_WARN_DOCUMENTATION_COMMENTS = YES;
				CLANG_WARN_EMPTY_BODY = YES;
				CLANG_WARN_ENUM_CONVERSION = YES;
				CLANG_WARN_INFINITE_RECURSION = YES;
				CLANG_WARN_INT_CONVERSION = YES;
				CLANG_WARN_NON_LITERAL_NULL_CONVERSION = YES;
				CLANG_WARN_OBJC_IMPLICIT_RETAIN_SELF = YES;
				CLANG_WARN_OBJC_LITERAL_CONVERSION = YES;
				CLANG_WARN_OBJC_ROOT_CLASS = YES_ERROR;
				CLANG_WARN_QUOTED_INCLUDE_IN_FRAMEWORK_HEADER = YES;
				CLANG_WARN_RANGE_LOOP_ANALYSIS = YES;
				CLANG_WARN_STRICT_PROTOTYPES = YES;
				CLANG_WARN_SUSPICIOUS_MOVE = YES;
				CLANG_WARN_UNGUARDED_AVAILABILITY = YES_AGGRESSIVE;
				CLANG_WARN_UNREACHABLE_CODE = YES;
				CLANG_WARN__DUPLICATE_METHOD_MATCH = YES;
				COPY_PHASE_STRIP = NO;
				DEBUG_INFORMATION_FORMAT = "dwarf-with-dsym";
				ENABLE_NS_ASSERTIONS = NO;
				ENABLE_STRICT_OBJC_MSGSEND = YES;
				GCC_C_LANGUAGE_STANDARD = gnu11;
				GCC_NO_COMMON_BLOCKS = YES;
				GCC_WARN_64_TO_32_BIT_CONVERSION = YES;
				GCC_WARN_ABOUT_RETURN_TYPE = YES_ERROR;
				GCC_WARN_UNDECLARED_SELECTOR = YES;
				GCC_WARN_UNINITIALIZED_AUTOS = YES_AGGRESSIVE;
				GCC_WARN_UNUSED_FUNCTION = YES;
				GCC_WARN_UNUSED_VARIABLE = YES;
				IPHONEOS_DEPLOYMENT_TARGET = 16.4;
				MTL_ENABLE_DEBUG_INFO = NO;
				MTL_FAST_MATH = YES;
				SDKROOT = iphoneos;
				SWIFT_COMPILATION_MODE = wholemodule;
				SWIFT_OPTIMIZATION_LEVEL = "-O";
				VALIDATE_PRODUCT = YES;
			};
			name = Release;
		};
		97F76EBC2A352C40005EF47D /* Debug */ = {
			isa = XCBuildConfiguration;
			buildSettings = {
				ASSETCATALOG_COMPILER_APPICON_NAME = AppIcon;
				ASSETCATALOG_COMPILER_GLOBAL_ACCENT_COLOR_NAME = AccentColor;
				CODE_SIGN_STYLE = Automatic;
				CURRENT_PROJECT_VERSION = 1;
				DEVELOPMENT_ASSET_PATHS = "\"MyApplication2/Preview Content\"";
				ENABLE_PREVIEWS = YES;
				GENERATE_INFOPLIST_FILE = YES;
				INFOPLIST_KEY_UIApplicationSceneManifest_Generation = YES;
				INFOPLIST_KEY_UIApplicationSupportsIndirectInputEvents = YES;
				INFOPLIST_KEY_UILaunchScreen_Generation = YES;
				INFOPLIST_KEY_UISupportedInterfaceOrientations_iPad = "UIInterfaceOrientationPortrait UIInterfaceOrientationPortraitUpsideDown UIInterfaceOrientationLandscapeLeft UIInterfaceOrientationLandscapeRight";
				INFOPLIST_KEY_UISupportedInterfaceOrientations_iPhone = "UIInterfaceOrientationPortrait UIInterfaceOrientationLandscapeLeft UIInterfaceOrientationLandscapeRight";
				LD_RUNPATH_SEARCH_PATHS = (
					"$(inherited)",
					"@executable_path/Frameworks",
				);
				MARKETING_VERSION = 1.0;
				PRODUCT_BUNDLE_IDENTIFIER = com.example.MyApplication2;
				PRODUCT_NAME = "$(TARGET_NAME)";
				SWIFT_EMIT_LOC_STRINGS = YES;
				SWIFT_VERSION = 5.0;
				TARGETED_DEVICE_FAMILY = "1,2";
			};
			name = Debug;
		};
		97F76EBD2A352C40005EF47D /* Release */ = {
			isa = XCBuildConfiguration;
			buildSettings = {
				ASSETCATALOG_COMPILER_APPICON_NAME = AppIcon;
				ASSETCATALOG_COMPILER_GLOBAL_ACCENT_COLOR_NAME = AccentColor;
				CODE_SIGN_STYLE = Automatic;
				CURRENT_PROJECT_VERSION = 1;
				DEVELOPMENT_ASSET_PATHS = "\"MyApplication2/Preview Content\"";
				ENABLE_PREVIEWS = YES;
				GENERATE_INFOPLIST_FILE = YES;
				INFOPLIST_KEY_UIApplicationSceneManifest_Generation = YES;
				INFOPLIST_KEY_UIApplicationSupportsIndirectInputEvents = YES;
				INFOPLIST_KEY_UILaunchScreen_Generation = YES;
				INFOPLIST_KEY_UISupportedInterfaceOrientations_iPad = "UIInterfaceOrientationPortrait UIInterfaceOrientationPortraitUpsideDown UIInterfaceOrientationLandscapeLeft UIInterfaceOrientationLandscapeRight";
				INFOPLIST_KEY_UISupportedInterfaceOrientations_iPhone = "UIInterfaceOrientationPortrait UIInterfaceOrientationLandscapeLeft UIInterfaceOrientationLandscapeRight";
				LD_RUNPATH_SEARCH_PATHS = (
					"$(inherited)",
					"@executable_path/Frameworks",
				);
				MARKETING_VERSION = 1.0;
				PRODUCT_BUNDLE_IDENTIFIER = com.example.MyApplication2;
				PRODUCT_NAME = "$(TARGET_NAME)";
				SWIFT_EMIT_LOC_STRINGS = YES;
				SWIFT_VERSION = 5.0;
				TARGETED_DEVICE_FAMILY = "1,2";
			};
			name = Release;
		};
		97F76EBF2A352C40005EF47D /* Debug */ = {
			isa = XCBuildConfiguration;
			buildSettings = {
				ALWAYS_EMBED_SWIFT_STANDARD_LIBRARIES = YES;
				BUNDLE_LOADER = "$(TEST_HOST)";
				CODE_SIGN_STYLE = Automatic;
				CURRENT_PROJECT_VERSION = 1;
				GENERATE_INFOPLIST_FILE = YES;
				IPHONEOS_DEPLOYMENT_TARGET = 16.4;
				MARKETING_VERSION = 1.0;
				PRODUCT_BUNDLE_IDENTIFIER = com.example.MyApplication2Tests;
				PRODUCT_NAME = "$(TARGET_NAME)";
				SWIFT_EMIT_LOC_STRINGS = NO;
				SWIFT_VERSION = 5.0;
				TARGETED_DEVICE_FAMILY = "1,2";
				TEST_HOST = "$(BUILT_PRODUCTS_DIR)/MyApplication2.app/$(BUNDLE_EXECUTABLE_FOLDER_PATH)/MyApplication2";
			};
			name = Debug;
		};
		97F76EC02A352C40005EF47D /* Release */ = {
			isa = XCBuildConfiguration;
			buildSettings = {
				ALWAYS_EMBED_SWIFT_STANDARD_LIBRARIES = YES;
				BUNDLE_LOADER = "$(TEST_HOST)";
				CODE_SIGN_STYLE = Automatic;
				CURRENT_PROJECT_VERSION = 1;
				GENERATE_INFOPLIST_FILE = YES;
				IPHONEOS_DEPLOYMENT_TARGET = 16.4;
				MARKETING_VERSION = 1.0;
				PRODUCT_BUNDLE_IDENTIFIER = com.example.MyApplication2Tests;
				PRODUCT_NAME = "$(TARGET_NAME)";
				SWIFT_EMIT_LOC_STRINGS = NO;
				SWIFT_VERSION = 5.0;
				TARGETED_DEVICE_FAMILY = "1,2";
				TEST_HOST = "$(BUILT_PRODUCTS_DIR)/MyApplication2.app/$(BUNDLE_EXECUTABLE_FOLDER_PATH)/MyApplication2";
			};
			name = Release;
		};
		97F76EC22A352C40005EF47D /* Debug */ = {
			isa = XCBuildConfiguration;
			buildSettings = {
				ALWAYS_EMBED_SWIFT_STANDARD_LIBRARIES = YES;
				CODE_SIGN_STYLE = Automatic;
				CURRENT_PROJECT_VERSION = 1;
				GENERATE_INFOPLIST_FILE = YES;
				MARKETING_VERSION = 1.0;
				PRODUCT_BUNDLE_IDENTIFIER = com.example.MyApplication2UITests;
				PRODUCT_NAME = "$(TARGET_NAME)";
				SWIFT_EMIT_LOC_STRINGS = NO;
				SWIFT_VERSION = 5.0;
				TARGETED_DEVICE_FAMILY = "1,2";
				TEST_TARGET_NAME = MyApplication2;
			};
			name = Debug;
		};
		97F76EC32A352C40005EF47D /* Release */ = {
			isa = XCBuildConfiguration;
			buildSettings = {
				ALWAYS_EMBED_SWIFT_STANDARD_LIBRARIES = YES;
				CODE_SIGN_STYLE = Automatic;
				CURRENT_PROJECT_VERSION = 1;
				GENERATE_INFOPLIST_FILE = YES;
				MARKETING_VERSION = 1.0;
				PRODUCT_BUNDLE_IDENTIFIER = com.example.MyApplication2UITests;
				PRODUCT_NAME = "$(TARGET_NAME)";
				SWIFT_EMIT_LOC_STRINGS = NO;
				SWIFT_VERSION = 5.0;
				TARGETED_DEVICE_FAMILY = "1,2";
				TEST_TARGET_NAME = MyApplication2;
			};
			name = Release;
		};
/* End XCBuildConfiguration section */

/* Begin XCConfigurationList section */
		97F76E922A352C3E005EF47D /* Build configuration list for PBXProject "MyApplication2" */ = {
			isa = XCConfigurationList;
			buildConfigurations = (
				97F76EB92A352C40005EF47D /* Debug */,
				97F76EBA2A352C40005EF47D /* Release */,
			);
			defaultConfigurationIsVisible = 0;
			defaultConfigurationName = Release;
		};
		97F76EBB2A352C40005EF47D /* Build configuration list for PBXNativeTarget "MyApplication2" */ = {
			isa = XCConfigurationList;
			buildConfigurations = (
				97F76EBC2A352C40005EF47D /* Debug */,
				97F76EBD2A352C40005EF47D /* Release */,
			);
			defaultConfigurationIsVisible = 0;
			defaultConfigurationName = Release;
		};
		97F76EBE2A352C40005EF47D /* Build configuration list for PBXNativeTarget "MyApplication2Tests" */ = {
			isa = XCConfigurationList;
			buildConfigurations = (
				97F76EBF2A352C40005EF47D /* Debug */,
				97F76EC02A352C40005EF47D /* Release */,
			);
			defaultConfigurationIsVisible = 0;
			defaultConfigurationName = Release;
		};
		97F76EC12A352C40005EF47D /* Build configuration list for PBXNativeTarget "MyApplication2UITests" */ = {
			isa = XCConfigurationList;
			buildConfigurations = (
				97F76EC22A352C40005EF47D /* Debug */,
				97F76EC32A352C40005EF47D /* Release */,
			);
			defaultConfigurationIsVisible = 0;
			defaultConfigurationName = Release;
		};
/* End XCConfigurationList section */
	};
	rootObject = 97F76E8F2A352C3E005EF47D /* Project object */;
}
